// !$*UTF8*$!
{
	archiveVersion = 1;
	classes = {
	};
	objectVersion = 51;
	objects = {

/* Begin PBXBuildFile section */
		221855D3288FEFF400B3FE25 /* AppDelegate.swift in Sources */ = {isa = PBXBuildFile; fileRef = 221855D2288FEFF400B3FE25 /* AppDelegate.swift */; };
		221855D5288FEFF400B3FE25 /* SceneDelegate.swift in Sources */ = {isa = PBXBuildFile; fileRef = 221855D4288FEFF400B3FE25 /* SceneDelegate.swift */; };
		221855DC288FEFF700B3FE25 /* Assets.xcassets in Resources */ = {isa = PBXBuildFile; fileRef = 221855DB288FEFF700B3FE25 /* Assets.xcassets */; };
		221855DF288FEFF700B3FE25 /* LaunchScreen.storyboard in Resources */ = {isa = PBXBuildFile; fileRef = 221855DD288FEFF700B3FE25 /* LaunchScreen.storyboard */; };
		22562FCC2892641800F6BF1B /* CustomThumbnailImage.swift in Sources */ = {isa = PBXBuildFile; fileRef = 22562FCB2892641800F6BF1B /* CustomThumbnailImage.swift */; };
		22562FD2289271F700F6BF1B /* UploadPhotoViewController.swift in Sources */ = {isa = PBXBuildFile; fileRef = 22562FD1289271F700F6BF1B /* UploadPhotoViewController.swift */; };
		22562FD52892727800F6BF1B /* Main.storyboard in Resources */ = {isa = PBXBuildFile; fileRef = 22562FD42892727800F6BF1B /* Main.storyboard */; };
		22562FE12893D63200F6BF1B /* imageCollectionViewCell.swift in Sources */ = {isa = PBXBuildFile; fileRef = 22562FE02893D63200F6BF1B /* imageCollectionViewCell.swift */; };
		226CB748289168E700D58BFF /* SurveyListTableViewCell.swift in Sources */ = {isa = PBXBuildFile; fileRef = 226CB747289168E700D58BFF /* SurveyListTableViewCell.swift */; };
		22AAC9B62890DC8B001ED9FB /* SurveyViewController.swift in Sources */ = {isa = PBXBuildFile; fileRef = 22AAC9B52890DC8B001ED9FB /* SurveyViewController.swift */; };
		22AAC9B92890DCF3001ED9FB /* DetailSurveyViewController.swift in Sources */ = {isa = PBXBuildFile; fileRef = 22AAC9B82890DCF3001ED9FB /* DetailSurveyViewController.swift */; };
		22AAC9BC2890DF69001ED9FB /* BuatSurveyViewController.swift in Sources */ = {isa = PBXBuildFile; fileRef = 22AAC9BB2890DF69001ED9FB /* BuatSurveyViewController.swift */; };
		22AAC9C128912712001ED9FB /* CustomButtonProperties.swift in Sources */ = {isa = PBXBuildFile; fileRef = 22AAC9C028912712001ED9FB /* CustomButtonProperties.swift */; };
		72E87BDAB87BBDE514C8B982 /* Pods_Survey.framework in Frameworks */ = {isa = PBXBuildFile; fileRef = 66FC3CEFD92B3EE03A30C4AA /* Pods_Survey.framework */; };
/* End PBXBuildFile section */

/* Begin PBXFileReference section */
		221855CF288FEFF400B3FE25 /* Survey.app */ = {isa = PBXFileReference; explicitFileType = wrapper.application; includeInIndex = 0; path = Survey.app; sourceTree = BUILT_PRODUCTS_DIR; };
		221855D2288FEFF400B3FE25 /* AppDelegate.swift */ = {isa = PBXFileReference; lastKnownFileType = sourcecode.swift; path = AppDelegate.swift; sourceTree = "<group>"; };
		221855D4288FEFF400B3FE25 /* SceneDelegate.swift */ = {isa = PBXFileReference; lastKnownFileType = sourcecode.swift; path = SceneDelegate.swift; sourceTree = "<group>"; };
		221855DB288FEFF700B3FE25 /* Assets.xcassets */ = {isa = PBXFileReference; lastKnownFileType = folder.assetcatalog; path = Assets.xcassets; sourceTree = "<group>"; };
		221855DE288FEFF700B3FE25 /* Base */ = {isa = PBXFileReference; lastKnownFileType = file.storyboard; name = Base; path = Base.lproj/LaunchScreen.storyboard; sourceTree = "<group>"; };
		221855E0288FEFF700B3FE25 /* Info.plist */ = {isa = PBXFileReference; lastKnownFileType = text.plist.xml; path = Info.plist; sourceTree = "<group>"; };
		22562FCB2892641800F6BF1B /* CustomThumbnailImage.swift */ = {isa = PBXFileReference; lastKnownFileType = sourcecode.swift; path = CustomThumbnailImage.swift; sourceTree = "<group>"; };
		22562FD1289271F700F6BF1B /* UploadPhotoViewController.swift */ = {isa = PBXFileReference; lastKnownFileType = sourcecode.swift; path = UploadPhotoViewController.swift; sourceTree = "<group>"; };
		22562FD42892727800F6BF1B /* Main.storyboard */ = {isa = PBXFileReference; fileEncoding = 4; lastKnownFileType = file.storyboard; name = Main.storyboard; path = ../../../../.Trash/Main.storyboard; sourceTree = "<group>"; };
		22562FE02893D63200F6BF1B /* imageCollectionViewCell.swift */ = {isa = PBXFileReference; lastKnownFileType = sourcecode.swift; path = imageCollectionViewCell.swift; sourceTree = "<group>"; };
		226CB747289168E700D58BFF /* SurveyListTableViewCell.swift */ = {isa = PBXFileReference; lastKnownFileType = sourcecode.swift; path = SurveyListTableViewCell.swift; sourceTree = "<group>"; };
		22AAC9B52890DC8B001ED9FB /* SurveyViewController.swift */ = {isa = PBXFileReference; lastKnownFileType = sourcecode.swift; path = SurveyViewController.swift; sourceTree = "<group>"; };
		22AAC9B82890DCF3001ED9FB /* DetailSurveyViewController.swift */ = {isa = PBXFileReference; lastKnownFileType = sourcecode.swift; path = DetailSurveyViewController.swift; sourceTree = "<group>"; };
		22AAC9BB2890DF69001ED9FB /* BuatSurveyViewController.swift */ = {isa = PBXFileReference; lastKnownFileType = sourcecode.swift; path = BuatSurveyViewController.swift; sourceTree = "<group>"; };
		22AAC9C028912712001ED9FB /* CustomButtonProperties.swift */ = {isa = PBXFileReference; lastKnownFileType = sourcecode.swift; path = CustomButtonProperties.swift; sourceTree = "<group>"; };
		66FC3CEFD92B3EE03A30C4AA /* Pods_Survey.framework */ = {isa = PBXFileReference; explicitFileType = wrapper.framework; includeInIndex = 0; path = Pods_Survey.framework; sourceTree = BUILT_PRODUCTS_DIR; };
		846C0AF0A2590231F856AF83 /* Pods-Survey.release.xcconfig */ = {isa = PBXFileReference; includeInIndex = 1; lastKnownFileType = text.xcconfig; name = "Pods-Survey.release.xcconfig"; path = "Target Support Files/Pods-Survey/Pods-Survey.release.xcconfig"; sourceTree = "<group>"; };
		AE410EFE8AEED148F94BB16C /* Pods-Survey.debug.xcconfig */ = {isa = PBXFileReference; includeInIndex = 1; lastKnownFileType = text.xcconfig; name = "Pods-Survey.debug.xcconfig"; path = "Target Support Files/Pods-Survey/Pods-Survey.debug.xcconfig"; sourceTree = "<group>"; };
/* End PBXFileReference section */

/* Begin PBXFrameworksBuildPhase section */
		221855CC288FEFF400B3FE25 /* Frameworks */ = {
			isa = PBXFrameworksBuildPhase;
			buildActionMask = 2147483647;
			files = (
				72E87BDAB87BBDE514C8B982 /* Pods_Survey.framework in Frameworks */,
			);
			runOnlyForDeploymentPostprocessing = 0;
		};
/* End PBXFrameworksBuildPhase section */

/* Begin PBXGroup section */
		221855C6288FEFF400B3FE25 = {
			isa = PBXGroup;
			children = (
				221855D1288FEFF400B3FE25 /* Survey */,
				221855D0288FEFF400B3FE25 /* Products */,
				E841B0D805E470059ED97E59 /* Pods */,
				E8EE3F2FCBD8D9DE7129BE00 /* Frameworks */,
			);
			sourceTree = "<group>";
		};
		221855D0288FEFF400B3FE25 /* Products */ = {
			isa = PBXGroup;
			children = (
				221855CF288FEFF400B3FE25 /* Survey.app */,
			);
			name = Products;
			sourceTree = "<group>";
		};
		221855D1288FEFF400B3FE25 /* Survey */ = {
			isa = PBXGroup;
			children = (
				226CB74B289230C400D58BFF /* SupportFIles */,
				226CB745289168B700D58BFF /* View */,
				22AAC9B32890DBF8001ED9FB /* Controller */,
				221855D2288FEFF400B3FE25 /* AppDelegate.swift */,
				22562FD42892727800F6BF1B /* Main.storyboard */,
				221855D4288FEFF400B3FE25 /* SceneDelegate.swift */,
				221855DB288FEFF700B3FE25 /* Assets.xcassets */,
				221855DD288FEFF700B3FE25 /* LaunchScreen.storyboard */,
				221855E0288FEFF700B3FE25 /* Info.plist */,
			);
			path = Survey;
			sourceTree = "<group>";
		};
		226CB745289168B700D58BFF /* View */ = {
			isa = PBXGroup;
			children = (
				226CB746289168D000D58BFF /* ViewCell */,
			);
			path = View;
			sourceTree = "<group>";
		};
		226CB746289168D000D58BFF /* ViewCell */ = {
			isa = PBXGroup;
			children = (
				226CB747289168E700D58BFF /* SurveyListTableViewCell.swift */,
				22562FE02893D63200F6BF1B /* imageCollectionViewCell.swift */,
			);
			path = ViewCell;
			sourceTree = "<group>";
		};
		226CB74B289230C400D58BFF /* SupportFIles */ = {
			isa = PBXGroup;
			children = (
				22AAC9C028912712001ED9FB /* CustomButtonProperties.swift */,
				22562FCB2892641800F6BF1B /* CustomThumbnailImage.swift */,
			);
			path = SupportFIles;
			sourceTree = "<group>";
		};
		22AAC9B32890DBF8001ED9FB /* Controller */ = {
			isa = PBXGroup;
			children = (
				22AAC9B52890DC8B001ED9FB /* SurveyViewController.swift */,
				22AAC9B82890DCF3001ED9FB /* DetailSurveyViewController.swift */,
				22AAC9BB2890DF69001ED9FB /* BuatSurveyViewController.swift */,
				22562FD1289271F700F6BF1B /* UploadPhotoViewController.swift */,
			);
			path = Controller;
			sourceTree = "<group>";
		};
		E841B0D805E470059ED97E59 /* Pods */ = {
			isa = PBXGroup;
			children = (
				AE410EFE8AEED148F94BB16C /* Pods-Survey.debug.xcconfig */,
				846C0AF0A2590231F856AF83 /* Pods-Survey.release.xcconfig */,
			);
			path = Pods;
			sourceTree = "<group>";
		};
		E8EE3F2FCBD8D9DE7129BE00 /* Frameworks */ = {
			isa = PBXGroup;
			children = (
				66FC3CEFD92B3EE03A30C4AA /* Pods_Survey.framework */,
			);
			name = Frameworks;
			sourceTree = "<group>";
		};
/* End PBXGroup section */

/* Begin PBXNativeTarget section */
		221855CE288FEFF400B3FE25 /* Survey */ = {
			isa = PBXNativeTarget;
			buildConfigurationList = 221855E3288FEFF700B3FE25 /* Build configuration list for PBXNativeTarget "Survey" */;
			buildPhases = (
				47894C946174A22EC315AEB6 /* [CP] Check Pods Manifest.lock */,
				221855CB288FEFF400B3FE25 /* Sources */,
				221855CC288FEFF400B3FE25 /* Frameworks */,
				221855CD288FEFF400B3FE25 /* Resources */,
				98096D152E1F400F16F66132 /* [CP] Embed Pods Frameworks */,
			);
			buildRules = (
			);
			dependencies = (
			);
			name = Survey;
			packageProductDependencies = (
			);
			productName = Survey;
			productReference = 221855CF288FEFF400B3FE25 /* Survey.app */;
			productType = "com.apple.product-type.application";
		};
/* End PBXNativeTarget section */

/* Begin PBXProject section */
		221855C7288FEFF400B3FE25 /* Project object */ = {
			isa = PBXProject;
			attributes = {
				LastSwiftUpdateCheck = 1240;
				LastUpgradeCheck = 1240;
				TargetAttributes = {
					221855CE288FEFF400B3FE25 = {
						CreatedOnToolsVersion = 12.4;
					};
				};
			};
			buildConfigurationList = 221855CA288FEFF400B3FE25 /* Build configuration list for PBXProject "Survey" */;
			compatibilityVersion = "Xcode 9.3";
			developmentRegion = en;
			hasScannedForEncodings = 0;
			knownRegions = (
				en,
				Base,
			);
			mainGroup = 221855C6288FEFF400B3FE25;
			packageReferences = (
			);
			productRefGroup = 221855D0288FEFF400B3FE25 /* Products */;
			projectDirPath = "";
			projectRoot = "";
			targets = (
				221855CE288FEFF400B3FE25 /* Survey */,
			);
		};
/* End PBXProject section */

/* Begin PBXResourcesBuildPhase section */
		221855CD288FEFF400B3FE25 /* Resources */ = {
			isa = PBXResourcesBuildPhase;
			buildActionMask = 2147483647;
			files = (
				22562FD52892727800F6BF1B /* Main.storyboard in Resources */,
				221855DF288FEFF700B3FE25 /* LaunchScreen.storyboard in Resources */,
				221855DC288FEFF700B3FE25 /* Assets.xcassets in Resources */,
			);
			runOnlyForDeploymentPostprocessing = 0;
		};
/* End PBXResourcesBuildPhase section */

/* Begin PBXShellScriptBuildPhase section */
		47894C946174A22EC315AEB6 /* [CP] Check Pods Manifest.lock */ = {
			isa = PBXShellScriptBuildPhase;
			buildActionMask = 2147483647;
			files = (
			);
			inputFileListPaths = (
			);
			inputPaths = (
				"${PODS_PODFILE_DIR_PATH}/Podfile.lock",
				"${PODS_ROOT}/Manifest.lock",
			);
			name = "[CP] Check Pods Manifest.lock";
			outputFileListPaths = (
			);
			outputPaths = (
				"$(DERIVED_FILE_DIR)/Pods-Survey-checkManifestLockResult.txt",
			);
			runOnlyForDeploymentPostprocessing = 0;
			shellPath = /bin/sh;
			shellScript = "diff \"${PODS_PODFILE_DIR_PATH}/Podfile.lock\" \"${PODS_ROOT}/Manifest.lock\" > /dev/null\nif [ $? != 0 ] ; then\n    # print error to STDERR\n    echo \"error: The sandbox is not in sync with the Podfile.lock. Run 'pod install' or update your CocoaPods installation.\" >&2\n    exit 1\nfi\n# This output is used by Xcode 'outputs' to avoid re-running this script phase.\necho \"SUCCESS\" > \"${SCRIPT_OUTPUT_FILE_0}\"\n";
			showEnvVarsInLog = 0;
		};
		98096D152E1F400F16F66132 /* [CP] Embed Pods Frameworks */ = {
			isa = PBXShellScriptBuildPhase;
			buildActionMask = 2147483647;
			files = (
			);
			inputFileListPaths = (
				"${PODS_ROOT}/Target Support Files/Pods-Survey/Pods-Survey-frameworks-${CONFIGURATION}-input-files.xcfilelist",
			);
			name = "[CP] Embed Pods Frameworks";
			outputFileListPaths = (
				"${PODS_ROOT}/Target Support Files/Pods-Survey/Pods-Survey-frameworks-${CONFIGURATION}-output-files.xcfilelist",
			);
			runOnlyForDeploymentPostprocessing = 0;
			shellPath = /bin/sh;
			shellScript = "\"${PODS_ROOT}/Target Support Files/Pods-Survey/Pods-Survey-frameworks.sh\"\n";
			showEnvVarsInLog = 0;
		};
/* End PBXShellScriptBuildPhase section */

/* Begin PBXSourcesBuildPhase section */
		221855CB288FEFF400B3FE25 /* Sources */ = {
			isa = PBXSourcesBuildPhase;
			buildActionMask = 2147483647;
			files = (
				22562FD2289271F700F6BF1B /* UploadPhotoViewController.swift in Sources */,
				22562FCC2892641800F6BF1B /* CustomThumbnailImage.swift in Sources */,
				22562FE12893D63200F6BF1B /* imageCollectionViewCell.swift in Sources */,
				22AAC9B92890DCF3001ED9FB /* DetailSurveyViewController.swift in Sources */,
				22AAC9BC2890DF69001ED9FB /* BuatSurveyViewController.swift in Sources */,
				22AAC9C128912712001ED9FB /* CustomButtonProperties.swift in Sources */,
				221855D3288FEFF400B3FE25 /* AppDelegate.swift in Sources */,
				226CB748289168E700D58BFF /* SurveyListTableViewCell.swift in Sources */,
				22AAC9B62890DC8B001ED9FB /* SurveyViewController.swift in Sources */,
				221855D5288FEFF400B3FE25 /* SceneDelegate.swift in Sources */,
			);
			runOnlyForDeploymentPostprocessing = 0;
		};
/* End PBXSourcesBuildPhase section */

/* Begin PBXVariantGroup section */
		221855DD288FEFF700B3FE25 /* LaunchScreen.storyboard */ = {
			isa = PBXVariantGroup;
			children = (
				221855DE288FEFF700B3FE25 /* Base */,
			);
			name = LaunchScreen.storyboard;
			sourceTree = "<group>";
		};
/* End PBXVariantGroup section */

/* Begin XCBuildConfiguration section */
		221855E1288FEFF700B3FE25 /* Debug */ = {
			isa = XCBuildConfiguration;
			buildSettings = {
				ALWAYS_SEARCH_USER_PATHS = NO;
				CLANG_ANALYZER_NONNULL = YES;
				CLANG_ANALYZER_NUMBER_OBJECT_CONVERSION = YES_AGGRESSIVE;
				CLANG_CXX_LANGUAGE_STANDARD = "gnu++14";
				CLANG_CXX_LIBRARY = "libc++";
				CLANG_ENABLE_MODULES = YES;
				CLANG_ENABLE_OBJC_ARC = YES;
				CLANG_ENABLE_OBJC_WEAK = YES;
				CLANG_WARN_BLOCK_CAPTURE_AUTORELEASING = YES;
				CLANG_WARN_BOOL_CONVERSION = YES;
				CLANG_WARN_COMMA = YES;
				CLANG_WARN_CONSTANT_CONVERSION = YES;
				CLANG_WARN_DEPRECATED_OBJC_IMPLEMENTATIONS = YES;
				CLANG_WARN_DIRECT_OBJC_ISA_USAGE = YES_ERROR;
				CLANG_WARN_DOCUMENTATION_COMMENTS = YES;
				CLANG_WARN_EMPTY_BODY = YES;
				CLANG_WARN_ENUM_CONVERSION = YES;
				CLANG_WARN_INFINITE_RECURSION = YES;
				CLANG_WARN_INT_CONVERSION = YES;
				CLANG_WARN_NON_LITERAL_NULL_CONVERSION = YES;
				CLANG_WARN_OBJC_IMPLICIT_RETAIN_SELF = YES;
				CLANG_WARN_OBJC_LITERAL_CONVERSION = YES;
				CLANG_WARN_OBJC_ROOT_CLASS = YES_ERROR;
				CLANG_WARN_QUOTED_INCLUDE_IN_FRAMEWORK_HEADER = YES;
				CLANG_WARN_RANGE_LOOP_ANALYSIS = YES;
				CLANG_WARN_STRICT_PROTOTYPES = YES;
				CLANG_WARN_SUSPICIOUS_MOVE = YES;
				CLANG_WARN_UNGUARDED_AVAILABILITY = YES_AGGRESSIVE;
				CLANG_WARN_UNREACHABLE_CODE = YES;
				CLANG_WARN__DUPLICATE_METHOD_MATCH = YES;
				COPY_PHASE_STRIP = NO;
				DEBUG_INFORMATION_FORMAT = dwarf;
				ENABLE_STRICT_OBJC_MSGSEND = YES;
				ENABLE_TESTABILITY = YES;
				GCC_C_LANGUAGE_STANDARD = gnu11;
				GCC_DYNAMIC_NO_PIC = NO;
				GCC_NO_COMMON_BLOCKS = YES;
				GCC_OPTIMIZATION_LEVEL = 0;
				GCC_PREPROCESSOR_DEFINITIONS = (
					"DEBUG=1",
					"$(inherited)",
				);
				GCC_WARN_64_TO_32_BIT_CONVERSION = YES;
				GCC_WARN_ABOUT_RETURN_TYPE = YES_ERROR;
				GCC_WARN_UNDECLARED_SELECTOR = YES;
				GCC_WARN_UNINITIALIZED_AUTOS = YES_AGGRESSIVE;
				GCC_WARN_UNUSED_FUNCTION = YES;
				GCC_WARN_UNUSED_VARIABLE = YES;
				IPHONEOS_DEPLOYMENT_TARGET = 14.4;
				MTL_ENABLE_DEBUG_INFO = INCLUDE_SOURCE;
				MTL_FAST_MATH = YES;
				ONLY_ACTIVE_ARCH = YES;
				SDKROOT = iphoneos;
				SWIFT_ACTIVE_COMPILATION_CONDITIONS = DEBUG;
				SWIFT_OPTIMIZATION_LEVEL = "-Onone";
			};
			name = Debug;
		};
		221855E2288FEFF700B3FE25 /* Release */ = {
			isa = XCBuildConfiguration;
			buildSettings = {
				ALWAYS_SEARCH_USER_PATHS = NO;
				CLANG_ANALYZER_NONNULL = YES;
				CLANG_ANALYZER_NUMBER_OBJECT_CONVERSION = YES_AGGRESSIVE;
				CLANG_CXX_LANGUAGE_STANDARD = "gnu++14";
				CLANG_CXX_LIBRARY = "libc++";
				CLANG_ENABLE_MODULES = YES;
				CLANG_ENABLE_OBJC_ARC = YES;
				CLANG_ENABLE_OBJC_WEAK = YES;
				CLANG_WARN_BLOCK_CAPTURE_AUTORELEASING = YES;
				CLANG_WARN_BOOL_CONVERSION = YES;
				CLANG_WARN_COMMA = YES;
				CLANG_WARN_CONSTANT_CONVERSION = YES;
				CLANG_WARN_DEPRECATED_OBJC_IMPLEMENTATIONS = YES;
				CLANG_WARN_DIRECT_OBJC_ISA_USAGE = YES_ERROR;
				CLANG_WARN_DOCUMENTATION_COMMENTS = YES;
				CLANG_WARN_EMPTY_BODY = YES;
				CLANG_WARN_ENUM_CONVERSION = YES;
				CLANG_WARN_INFINITE_RECURSION = YES;
				CLANG_WARN_INT_CONVERSION = YES;
				CLANG_WARN_NON_LITERAL_NULL_CONVERSION = YES;
				CLANG_WARN_OBJC_IMPLICIT_RETAIN_SELF = YES;
				CLANG_WARN_OBJC_LITERAL_CONVERSION = YES;
				CLANG_WARN_OBJC_ROOT_CLASS = YES_ERROR;
				CLANG_WARN_QUOTED_INCLUDE_IN_FRAMEWORK_HEADER = YES;
				CLANG_WARN_RANGE_LOOP_ANALYSIS = YES;
				CLANG_WARN_STRICT_PROTOTYPES = YES;
				CLANG_WARN_SUSPICIOUS_MOVE = YES;
				CLANG_WARN_UNGUARDED_AVAILABILITY = YES_AGGRESSIVE;
				CLANG_WARN_UNREACHABLE_CODE = YES;
				CLANG_WARN__DUPLICATE_METHOD_MATCH = YES;
				COPY_PHASE_STRIP = NO;
				DEBUG_INFORMATION_FORMAT = "dwarf-with-dsym";
				ENABLE_NS_ASSERTIONS = NO;
				ENABLE_STRICT_OBJC_MSGSEND = YES;
				GCC_C_LANGUAGE_STANDARD = gnu11;
				GCC_NO_COMMON_BLOCKS = YES;
				GCC_WARN_64_TO_32_BIT_CONVERSION = YES;
				GCC_WARN_ABOUT_RETURN_TYPE = YES_ERROR;
				GCC_WARN_UNDECLARED_SELECTOR = YES;
				GCC_WARN_UNINITIALIZED_AUTOS = YES_AGGRESSIVE;
				GCC_WARN_UNUSED_FUNCTION = YES;
				GCC_WARN_UNUSED_VARIABLE = YES;
				IPHONEOS_DEPLOYMENT_TARGET = 14.4;
				MTL_ENABLE_DEBUG_INFO = NO;
				MTL_FAST_MATH = YES;
				SDKROOT = iphoneos;
				SWIFT_COMPILATION_MODE = wholemodule;
				SWIFT_OPTIMIZATION_LEVEL = "-O";
				VALIDATE_PRODUCT = YES;
			};
			name = Release;
		};
		221855E4288FEFF700B3FE25 /* Debug */ = {
			isa = XCBuildConfiguration;
			baseConfigurationReference = AE410EFE8AEED148F94BB16C /* Pods-Survey.debug.xcconfig */;
			buildSettings = {
				ASSETCATALOG_COMPILER_APPICON_NAME = AppIcon;
				ASSETCATALOG_COMPILER_GLOBAL_ACCENT_COLOR_NAME = AccentColor;
				CODE_SIGN_STYLE = Automatic;
				INFOPLIST_FILE = Survey/Info.plist;
				LD_RUNPATH_SEARCH_PATHS = (
					"$(inherited)",
					"@executable_path/Frameworks",
				);
				PRODUCT_BUNDLE_IDENTIFIER = rey.Survey;
				PRODUCT_NAME = "$(TARGET_NAME)";
				SWIFT_VERSION = 5.0;
				TARGETED_DEVICE_FAMILY = "1,2";
			};
			name = Debug;
		};
		221855E5288FEFF700B3FE25 /* Release */ = {
			isa = XCBuildConfiguration;
			baseConfigurationReference = 846C0AF0A2590231F856AF83 /* Pods-Survey.release.xcconfig */;
			buildSettings = {
				ASSETCATALOG_COMPILER_APPICON_NAME = AppIcon;
				ASSETCATALOG_COMPILER_GLOBAL_ACCENT_COLOR_NAME = AccentColor;
				CODE_SIGN_STYLE = Automatic;
				INFOPLIST_FILE = Survey/Info.plist;
				LD_RUNPATH_SEARCH_PATHS = (
					"$(inherited)",
					"@executable_path/Frameworks",
				);
				PRODUCT_BUNDLE_IDENTIFIER = rey.Survey;
				PRODUCT_NAME = "$(TARGET_NAME)";
				SWIFT_VERSION = 5.0;
				TARGETED_DEVICE_FAMILY = "1,2";
			};
			name = Release;
		};
/* End XCBuildConfiguration section */

/* Begin XCConfigurationList section */
		221855CA288FEFF400B3FE25 /* Build configuration list for PBXProject "Survey" */ = {
			isa = XCConfigurationList;
			buildConfigurations = (
				221855E1288FEFF700B3FE25 /* Debug */,
				221855E2288FEFF700B3FE25 /* Release */,
			);
			defaultConfigurationIsVisible = 0;
			defaultConfigurationName = Release;
		};
		221855E3288FEFF700B3FE25 /* Build configuration list for PBXNativeTarget "Survey" */ = {
			isa = XCConfigurationList;
			buildConfigurations = (
				221855E4288FEFF700B3FE25 /* Debug */,
				221855E5288FEFF700B3FE25 /* Release */,
			);
			defaultConfigurationIsVisible = 0;
			defaultConfigurationName = Release;
		};
/* End XCConfigurationList section */
	};
	rootObject = 221855C7288FEFF400B3FE25 /* Project object */;
}
